
Microsoft Visual Studio Solution File, Format Version 12.00
Project("{FAE04EC0-301F-11D3-BF4B-00C04F79EFBC}") = "Messegify.Application", "Messegify.Application\Messegify.Application.csproj", "{1A6BEAC2-7716-4A67-A474-C59AFBC44342}"
EndProject
Project("{FAE04EC0-301F-11D3-BF4B-00C04F79EFBC}") = "Messegify.Infrastructure", "Messegify.Infrastructure\Messegify.Infrastructure.csproj", "{D634EBEF-A437-49EB-A0C2-99E325D9D09C}"
EndProject
Project("{FAE04EC0-301F-11D3-BF4B-00C04F79EFBC}") = "Messegify.Domain.Abstractions", "Messegify.Domain.Abstractions\Messegify.Domain.Abstractions.csproj", "{0B39A5D9-F346-48B8-8EBF-B42A4F36802B}"
EndProject
Project("{FAE04EC0-301F-11D3-BF4B-00C04F79EFBC}") = "Messegify.Domain.Entities", "Messegify.Domain.Entities\Messegify.Domain.Entities.csproj", "{AD8CE9B4-7824-451A-A125-5AF746FC7D62}"
EndProject
Project("{FAE04EC0-301F-11D3-BF4B-00C04F79EFBC}") = "Messegify.Infrastructure.Repositories", "Messegify.Infrastructure.Repositories\Messegify.Infrastructure.Repositories.csproj", "{91881DC2-73AF-4824-9956-C0F31BA2BF74}"
EndProject
Project("{2150E333-8FDC-42A3-9474-1A3956D46DE8}") = "Domain", "Domain", "{3AEE0B4D-0916-4440-BBBB-5AEC91B7432B}"
EndProject
Project("{2150E333-8FDC-42A3-9474-1A3956D46DE8}") = "Application", "Application", "{64C5C116-AA25-408D-BAF3-A7A4CB7096D0}"
EndProject
Project("{2150E333-8FDC-42A3-9474-1A3956D46DE8}") = "Infrastructure", "Infrastructure", "{56BF87A7-6B69-4BCA-BC4C-819DD993D5B3}"
EndProject
Project("{FAE04EC0-301F-11D3-BF4B-00C04F79EFBC}") = "Messegify.Application.Services", "Messegify.Application.Services\Messegify.Application.Services.csproj", "{94CFE129-22A9-4ACF-A573-FE92C0483D1A}"
EndProject
Project("{FAE04EC0-301F-11D3-BF4B-00C04F79EFBC}") = "Messegify.Application.Dtos", "Messegify.Application.Dtos\Messegify.Application.Dtos.csproj", "{B216B456-844A-4195-82C4-C505AE509B48}"
EndProject
Project("{FAE04EC0-301F-11D3-BF4B-00C04F79EFBC}") = "Messegify.Application.Errors", "Messegify.Application.Errors\Messegify.Application.Errors.csproj", "{5840FDB1-D6D2-46D9-997B-E89B2535DCC4}"
EndProject
Project("{FAE04EC0-301F-11D3-BF4B-00C04F79EFBC}") = "Messegify.Domain.Validators", "Messegify.Domain.Validators\Messegify.Domain.Validators.csproj", "{3B0488B4-3D36-4E1E-8AE0-30CC61C4C130}"
EndProject
Project("{FAE04EC0-301F-11D3-BF4B-00C04F79EFBC}") = "Messegify.Application.Service.Extensions", "Messegify.Application.Service.Extensions\Messegify.Application.Service.Extensions.csproj", "{44A7A664-16ED-43CE-99D1-C84A16F722B4}"
EndProject
Project("{FAE04EC0-301F-11D3-BF4B-00C04F79EFBC}") = "Messegify.Application.Configuration", "Messegify.Application.Configuration\Messegify.Application.Configuration.csproj", "{16F34BEB-17E5-4608-8C3B-1CBB86255EF0}"
EndProject
Project("{FAE04EC0-301F-11D3-BF4B-00C04F79EFBC}") = "Messegify.Domain.Events", "Messegify.Domain.Events\Messegify.Domain.Events.csproj", "{D7CB3DE7-AE16-4C6D-8060-9AE180EA07A6}"
EndProject
Project("{FAE04EC0-301F-11D3-BF4B-00C04F79EFBC}") = "Messegify.Application.DomainEventHandlers", "Messegify.Application.DomainEventHandlers\Messegify.Application.DomainEventHandlers.csproj", "{94D35927-B08E-452C-8A1C-22EFE095D6DF}"
EndProject
Project("{FAE04EC0-301F-11D3-BF4B-00C04F79EFBC}") = "Messegify.Application.Authorization", "Messegify.Application.Authorization\Messegify.Application.Authorization.csproj", "{FA12F9F4-D96C-4AA6-BE6C-5AC1F4A3B951}"
EndProject
Project("{FAE04EC0-301F-11D3-BF4B-00C04F79EFBC}") = "Messegify.Infrastructure.Error", "Messegify.Infrastructure.Error\Messegify.Infrastructure.Error.csproj", "{34815F3B-F3A5-4AE1-BD5D-40D38131DF59}"
EndProject
Project("{2150E333-8FDC-42A3-9474-1A3956D46DE8}") = "Tests", "Tests", "{AF1C0E3A-785C-4601-A575-CDEC3384F1A7}"
EndProject
Project("{FAE04EC0-301F-11D3-BF4B-00C04F79EFBC}") = "Infrastructure.Repositories.Tests", "Tests\Infrastructure.Repositories.Tests\Infrastructure.Repositories.Tests.csproj", "{8ECE28B9-D70E-4DD3-AE83-842DD4F46F36}"
EndProject
Project("{FAE04EC0-301F-11D3-BF4B-00C04F79EFBC}") = "Application.Controllers.Tests", "Tests\Application.Controllers.Tests\Application.Controllers.Tests.csproj", "{6377D7D5-E13E-4CE5-ABF4-527829215F75}"
EndProject
Project("{FAE04EC0-301F-11D3-BF4B-00C04F79EFBC}") = "Application.Services.Tests", "Tests\Application.Services.Tests\Application.Services.Tests.csproj", "{B9D8563B-170E-4102-BB06-570C8704A7CA}"
EndProject
Project("{FAE04EC0-301F-11D3-BF4B-00C04F79EFBC}") = "Domain.Validators.Tests", "Tests\Domain.Validators.Tests\Domain.Validators.Tests.csproj", "{B227974E-8052-4DFA-A8F0-F87E5FA58794}"
EndProject
Project("{2150E333-8FDC-42A3-9474-1A3956D46DE8}") = "Solution Files", "Solution Files", "{95B1820F-6364-42EE-97D5-1895153CC7FD}"
	ProjectSection(SolutionItems) = preProject
		.gitignore = .gitignore
		..\..\.github\workflows\dotnet-desktop.yml = ..\..\.github\workflows\dotnet-desktop.yml
		..\..\.github\workflows\auto-develop-merge.yaml = ..\..\.github\workflows\auto-develop-merge.yaml
		..\..\.github\workflows\backend-build.yml = ..\..\.github\workflows\backend-build.yml
	EndProjectSection
EndProject
Global
	GlobalSection(SolutionConfigurationPlatforms) = preSolution
		Debug|Any CPU = Debug|Any CPU
		Release|Any CPU = Release|Any CPU
	EndGlobalSection
	GlobalSection(ProjectConfigurationPlatforms) = postSolution
		{1A6BEAC2-7716-4A67-A474-C59AFBC44342}.Debug|Any CPU.ActiveCfg = Debug|Any CPU
		{1A6BEAC2-7716-4A67-A474-C59AFBC44342}.Debug|Any CPU.Build.0 = Debug|Any CPU
		{1A6BEAC2-7716-4A67-A474-C59AFBC44342}.Release|Any CPU.ActiveCfg = Release|Any CPU
		{1A6BEAC2-7716-4A67-A474-C59AFBC44342}.Release|Any CPU.Build.0 = Release|Any CPU
		{D634EBEF-A437-49EB-A0C2-99E325D9D09C}.Debug|Any CPU.ActiveCfg = Debug|Any CPU
		{D634EBEF-A437-49EB-A0C2-99E325D9D09C}.Debug|Any CPU.Build.0 = Debug|Any CPU
		{D634EBEF-A437-49EB-A0C2-99E325D9D09C}.Release|Any CPU.ActiveCfg = Release|Any CPU
		{D634EBEF-A437-49EB-A0C2-99E325D9D09C}.Release|Any CPU.Build.0 = Release|Any CPU
		{0B39A5D9-F346-48B8-8EBF-B42A4F36802B}.Debug|Any CPU.ActiveCfg = Debug|Any CPU
		{0B39A5D9-F346-48B8-8EBF-B42A4F36802B}.Debug|Any CPU.Build.0 = Debug|Any CPU
		{0B39A5D9-F346-48B8-8EBF-B42A4F36802B}.Release|Any CPU.ActiveCfg = Release|Any CPU
		{0B39A5D9-F346-48B8-8EBF-B42A4F36802B}.Release|Any CPU.Build.0 = Release|Any CPU
		{AD8CE9B4-7824-451A-A125-5AF746FC7D62}.Debug|Any CPU.ActiveCfg = Debug|Any CPU
		{AD8CE9B4-7824-451A-A125-5AF746FC7D62}.Debug|Any CPU.Build.0 = Debug|Any CPU
		{AD8CE9B4-7824-451A-A125-5AF746FC7D62}.Release|Any CPU.ActiveCfg = Release|Any CPU
		{AD8CE9B4-7824-451A-A125-5AF746FC7D62}.Release|Any CPU.Build.0 = Release|Any CPU
		{91881DC2-73AF-4824-9956-C0F31BA2BF74}.Debug|Any CPU.ActiveCfg = Debug|Any CPU
		{91881DC2-73AF-4824-9956-C0F31BA2BF74}.Debug|Any CPU.Build.0 = Debug|Any CPU
		{91881DC2-73AF-4824-9956-C0F31BA2BF74}.Release|Any CPU.ActiveCfg = Release|Any CPU
		{91881DC2-73AF-4824-9956-C0F31BA2BF74}.Release|Any CPU.Build.0 = Release|Any CPU
		{94CFE129-22A9-4ACF-A573-FE92C0483D1A}.Debug|Any CPU.ActiveCfg = Debug|Any CPU
		{94CFE129-22A9-4ACF-A573-FE92C0483D1A}.Debug|Any CPU.Build.0 = Debug|Any CPU
		{94CFE129-22A9-4ACF-A573-FE92C0483D1A}.Release|Any CPU.ActiveCfg = Release|Any CPU
		{94CFE129-22A9-4ACF-A573-FE92C0483D1A}.Release|Any CPU.Build.0 = Release|Any CPU
		{B216B456-844A-4195-82C4-C505AE509B48}.Debug|Any CPU.ActiveCfg = Debug|Any CPU
		{B216B456-844A-4195-82C4-C505AE509B48}.Debug|Any CPU.Build.0 = Debug|Any CPU
		{B216B456-844A-4195-82C4-C505AE509B48}.Release|Any CPU.ActiveCfg = Release|Any CPU
		{B216B456-844A-4195-82C4-C505AE509B48}.Release|Any CPU.Build.0 = Release|Any CPU
		{5840FDB1-D6D2-46D9-997B-E89B2535DCC4}.Debug|Any CPU.ActiveCfg = Debug|Any CPU
		{5840FDB1-D6D2-46D9-997B-E89B2535DCC4}.Debug|Any CPU.Build.0 = Debug|Any CPU
		{5840FDB1-D6D2-46D9-997B-E89B2535DCC4}.Release|Any CPU.ActiveCfg = Release|Any CPU
		{5840FDB1-D6D2-46D9-997B-E89B2535DCC4}.Release|Any CPU.Build.0 = Release|Any CPU
		{3B0488B4-3D36-4E1E-8AE0-30CC61C4C130}.Debug|Any CPU.ActiveCfg = Debug|Any CPU
		{3B0488B4-3D36-4E1E-8AE0-30CC61C4C130}.Debug|Any CPU.Build.0 = Debug|Any CPU
		{3B0488B4-3D36-4E1E-8AE0-30CC61C4C130}.Release|Any CPU.ActiveCfg = Release|Any CPU
		{3B0488B4-3D36-4E1E-8AE0-30CC61C4C130}.Release|Any CPU.Build.0 = Release|Any CPU
		{44A7A664-16ED-43CE-99D1-C84A16F722B4}.Debug|Any CPU.ActiveCfg = Debug|Any CPU
		{44A7A664-16ED-43CE-99D1-C84A16F722B4}.Debug|Any CPU.Build.0 = Debug|Any CPU
		{44A7A664-16ED-43CE-99D1-C84A16F722B4}.Release|Any CPU.ActiveCfg = Release|Any CPU
		{44A7A664-16ED-43CE-99D1-C84A16F722B4}.Release|Any CPU.Build.0 = Release|Any CPU
		{16F34BEB-17E5-4608-8C3B-1CBB86255EF0}.Debug|Any CPU.ActiveCfg = Debug|Any CPU
		{16F34BEB-17E5-4608-8C3B-1CBB86255EF0}.Debug|Any CPU.Build.0 = Debug|Any CPU
		{16F34BEB-17E5-4608-8C3B-1CBB86255EF0}.Release|Any CPU.ActiveCfg = Release|Any CPU
		{16F34BEB-17E5-4608-8C3B-1CBB86255EF0}.Release|Any CPU.Build.0 = Release|Any CPU
		{D7CB3DE7-AE16-4C6D-8060-9AE180EA07A6}.Debug|Any CPU.ActiveCfg = Debug|Any CPU
		{D7CB3DE7-AE16-4C6D-8060-9AE180EA07A6}.Debug|Any CPU.Build.0 = Debug|Any CPU
		{D7CB3DE7-AE16-4C6D-8060-9AE180EA07A6}.Release|Any CPU.ActiveCfg = Release|Any CPU
		{D7CB3DE7-AE16-4C6D-8060-9AE180EA07A6}.Release|Any CPU.Build.0 = Release|Any CPU
		{94D35927-B08E-452C-8A1C-22EFE095D6DF}.Debug|Any CPU.ActiveCfg = Debug|Any CPU
		{94D35927-B08E-452C-8A1C-22EFE095D6DF}.Debug|Any CPU.Build.0 = Debug|Any CPU
		{94D35927-B08E-452C-8A1C-22EFE095D6DF}.Release|Any CPU.ActiveCfg = Release|Any CPU
		{94D35927-B08E-452C-8A1C-22EFE095D6DF}.Release|Any CPU.Build.0 = Release|Any CPU
		{FA12F9F4-D96C-4AA6-BE6C-5AC1F4A3B951}.Debug|Any CPU.ActiveCfg = Debug|Any CPU
		{FA12F9F4-D96C-4AA6-BE6C-5AC1F4A3B951}.Debug|Any CPU.Build.0 = Debug|Any CPU
		{FA12F9F4-D96C-4AA6-BE6C-5AC1F4A3B951}.Release|Any CPU.ActiveCfg = Release|Any CPU
		{FA12F9F4-D96C-4AA6-BE6C-5AC1F4A3B951}.Release|Any CPU.Build.0 = Release|Any CPU
		{34815F3B-F3A5-4AE1-BD5D-40D38131DF59}.Debug|Any CPU.ActiveCfg = Debug|Any CPU
		{34815F3B-F3A5-4AE1-BD5D-40D38131DF59}.Debug|Any CPU.Build.0 = Debug|Any CPU
		{34815F3B-F3A5-4AE1-BD5D-40D38131DF59}.Release|Any CPU.ActiveCfg = Release|Any CPU
		{34815F3B-F3A5-4AE1-BD5D-40D38131DF59}.Release|Any CPU.Build.0 = Release|Any CPU
		{8ECE28B9-D70E-4DD3-AE83-842DD4F46F36}.Debug|Any CPU.ActiveCfg = Debug|Any CPU
		{8ECE28B9-D70E-4DD3-AE83-842DD4F46F36}.Debug|Any CPU.Build.0 = Debug|Any CPU
		{8ECE28B9-D70E-4DD3-AE83-842DD4F46F36}.Release|Any CPU.ActiveCfg = Release|Any CPU
		{8ECE28B9-D70E-4DD3-AE83-842DD4F46F36}.Release|Any CPU.Build.0 = Release|Any CPU
		{6377D7D5-E13E-4CE5-ABF4-527829215F75}.Debug|Any CPU.ActiveCfg = Debug|Any CPU
		{6377D7D5-E13E-4CE5-ABF4-527829215F75}.Debug|Any CPU.Build.0 = Debug|Any CPU
		{6377D7D5-E13E-4CE5-ABF4-527829215F75}.Release|Any CPU.ActiveCfg = Release|Any CPU
		{6377D7D5-E13E-4CE5-ABF4-527829215F75}.Release|Any CPU.Build.0 = Release|Any CPU
		{B9D8563B-170E-4102-BB06-570C8704A7CA}.Debug|Any CPU.ActiveCfg = Debug|Any CPU
		{B9D8563B-170E-4102-BB06-570C8704A7CA}.Debug|Any CPU.Build.0 = Debug|Any CPU
		{B9D8563B-170E-4102-BB06-570C8704A7CA}.Release|Any CPU.ActiveCfg = Release|Any CPU
		{B9D8563B-170E-4102-BB06-570C8704A7CA}.Release|Any CPU.Build.0 = Release|Any CPU
		{B227974E-8052-4DFA-A8F0-F87E5FA58794}.Debug|Any CPU.ActiveCfg = Debug|Any CPU
		{B227974E-8052-4DFA-A8F0-F87E5FA58794}.Debug|Any CPU.Build.0 = Debug|Any CPU
		{B227974E-8052-4DFA-A8F0-F87E5FA58794}.Release|Any CPU.ActiveCfg = Release|Any CPU
		{B227974E-8052-4DFA-A8F0-F87E5FA58794}.Release|Any CPU.Build.0 = Release|Any CPU
	EndGlobalSection
	GlobalSection(NestedProjects) = preSolution
		{AD8CE9B4-7824-451A-A125-5AF746FC7D62} = {3AEE0B4D-0916-4440-BBBB-5AEC91B7432B}
		{0B39A5D9-F346-48B8-8EBF-B42A4F36802B} = {3AEE0B4D-0916-4440-BBBB-5AEC91B7432B}
		{1A6BEAC2-7716-4A67-A474-C59AFBC44342} = {64C5C116-AA25-408D-BAF3-A7A4CB7096D0}
		{D634EBEF-A437-49EB-A0C2-99E325D9D09C} = {56BF87A7-6B69-4BCA-BC4C-819DD993D5B3}
		{91881DC2-73AF-4824-9956-C0F31BA2BF74} = {56BF87A7-6B69-4BCA-BC4C-819DD993D5B3}
		{94CFE129-22A9-4ACF-A573-FE92C0483D1A} = {64C5C116-AA25-408D-BAF3-A7A4CB7096D0}
		{B216B456-844A-4195-82C4-C505AE509B48} = {64C5C116-AA25-408D-BAF3-A7A4CB7096D0}
		{5840FDB1-D6D2-46D9-997B-E89B2535DCC4} = {64C5C116-AA25-408D-BAF3-A7A4CB7096D0}
		{3B0488B4-3D36-4E1E-8AE0-30CC61C4C130} = {3AEE0B4D-0916-4440-BBBB-5AEC91B7432B}
		{44A7A664-16ED-43CE-99D1-C84A16F722B4} = {64C5C116-AA25-408D-BAF3-A7A4CB7096D0}
		{16F34BEB-17E5-4608-8C3B-1CBB86255EF0} = {64C5C116-AA25-408D-BAF3-A7A4CB7096D0}
		{D7CB3DE7-AE16-4C6D-8060-9AE180EA07A6} = {3AEE0B4D-0916-4440-BBBB-5AEC91B7432B}
		{94D35927-B08E-452C-8A1C-22EFE095D6DF} = {64C5C116-AA25-408D-BAF3-A7A4CB7096D0}
		{FA12F9F4-D96C-4AA6-BE6C-5AC1F4A3B951} = {64C5C116-AA25-408D-BAF3-A7A4CB7096D0}
		{34815F3B-F3A5-4AE1-BD5D-40D38131DF59} = {56BF87A7-6B69-4BCA-BC4C-819DD993D5B3}
		{8ECE28B9-D70E-4DD3-AE83-842DD4F46F36} = {AF1C0E3A-785C-4601-A575-CDEC3384F1A7}
		{6377D7D5-E13E-4CE5-ABF4-527829215F75} = {AF1C0E3A-785C-4601-A575-CDEC3384F1A7}
		{B9D8563B-170E-4102-BB06-570C8704A7CA} = {AF1C0E3A-785C-4601-A575-CDEC3384F1A7}
		{B227974E-8052-4DFA-A8F0-F87E5FA58794} = {AF1C0E3A-785C-4601-A575-CDEC3384F1A7}
	EndGlobalSection
EndGlobal
