
Microsoft Visual Studio Solution File, Format Version 12.00
Project("{FAE04EC0-301F-11D3-BF4B-00C04F79EFBC}") = "Messegify.Application", "Messegify.Application\Messegify.Application.csproj", "{1A6BEAC2-7716-4A67-A474-C59AFBC44342}"
EndProject
Project("{FAE04EC0-301F-11D3-BF4B-00C04F79EFBC}") = "Messegify.Infrastructure", "Messegify.Infrastructure\Messegify.Infrastructure.csproj", "{D634EBEF-A437-49EB-A0C2-99E325D9D09C}"
EndProject
Project("{FAE04EC0-301F-11D3-BF4B-00C04F79EFBC}") = "Messegify.Domain", "Messegify.Domain\Messegify.Domain.csproj", "{23D07792-58CC-4B25-869E-BD7D85CAEECD}"
EndProject
Project("{FAE04EC0-301F-11D3-BF4B-00C04F79EFBC}") = "Messegify.Domain.Abstractions", "Messegify.Domain.Abstractions\Messegify.Domain.Abstractions.csproj", "{0B39A5D9-F346-48B8-8EBF-B42A4F36802B}"
EndProject
Project("{FAE04EC0-301F-11D3-BF4B-00C04F79EFBC}") = "Messegify.Domain.Entities", "Messegify.Domain.Entities\Messegify.Domain.Entities.csproj", "{AD8CE9B4-7824-451A-A125-5AF746FC7D62}"
EndProject
Project("{FAE04EC0-301F-11D3-BF4B-00C04F79EFBC}") = "Messegify.Infrastructure.Repositories", "Messegify.Infrastructure.Repositories\Messegify.Infrastructure.Repositories.csproj", "{91881DC2-73AF-4824-9956-C0F31BA2BF74}"
EndProject
Project("{2150E333-8FDC-42A3-9474-1A3956D46DE8}") = "Domain", "Domain", "{3AEE0B4D-0916-4440-BBBB-5AEC91B7432B}"
EndProject
Project("{2150E333-8FDC-42A3-9474-1A3956D46DE8}") = "Application", "Application", "{64C5C116-AA25-408D-BAF3-A7A4CB7096D0}"
EndProject
Project("{2150E333-8FDC-42A3-9474-1A3956D46DE8}") = "Infrastructure", "Infrastructure", "{56BF87A7-6B69-4BCA-BC4C-819DD993D5B3}"
EndProject
Project("{FAE04EC0-301F-11D3-BF4B-00C04F79EFBC}") = "Messegify.Application.Services", "Messegify.Application.Services\Messegify.Application.Services.csproj", "{94CFE129-22A9-4ACF-A573-FE92C0483D1A}"
EndProject
Project("{FAE04EC0-301F-11D3-BF4B-00C04F79EFBC}") = "Messegify.Application.Dtos", "Messegify.Application.Dtos\Messegify.Application.Dtos.csproj", "{B216B456-844A-4195-82C4-C505AE509B48}"
EndProject
Project("{FAE04EC0-301F-11D3-BF4B-00C04F79EFBC}") = "Messegify.Application.Errors", "Messegify.Application.Errors\Messegify.Application.Errors.csproj", "{5840FDB1-D6D2-46D9-997B-E89B2535DCC4}"
EndProject
Project("{FAE04EC0-301F-11D3-BF4B-00C04F79EFBC}") = "Messegify.Domain.Validator", "Messegify.Domain.Validator\Messegify.Domain.Validator.csproj", "{3B0488B4-3D36-4E1E-8AE0-30CC61C4C130}"
EndProject
Global
	GlobalSection(SolutionConfigurationPlatforms) = preSolution
		Debug|Any CPU = Debug|Any CPU
		Release|Any CPU = Release|Any CPU
	EndGlobalSection
	GlobalSection(ProjectConfigurationPlatforms) = postSolution
		{1A6BEAC2-7716-4A67-A474-C59AFBC44342}.Debug|Any CPU.ActiveCfg = Debug|Any CPU
		{1A6BEAC2-7716-4A67-A474-C59AFBC44342}.Debug|Any CPU.Build.0 = Debug|Any CPU
		{1A6BEAC2-7716-4A67-A474-C59AFBC44342}.Release|Any CPU.ActiveCfg = Release|Any CPU
		{1A6BEAC2-7716-4A67-A474-C59AFBC44342}.Release|Any CPU.Build.0 = Release|Any CPU
		{D634EBEF-A437-49EB-A0C2-99E325D9D09C}.Debug|Any CPU.ActiveCfg = Debug|Any CPU
		{D634EBEF-A437-49EB-A0C2-99E325D9D09C}.Debug|Any CPU.Build.0 = Debug|Any CPU
		{D634EBEF-A437-49EB-A0C2-99E325D9D09C}.Release|Any CPU.ActiveCfg = Release|Any CPU
		{D634EBEF-A437-49EB-A0C2-99E325D9D09C}.Release|Any CPU.Build.0 = Release|Any CPU
		{23D07792-58CC-4B25-869E-BD7D85CAEECD}.Debug|Any CPU.ActiveCfg = Debug|Any CPU
		{23D07792-58CC-4B25-869E-BD7D85CAEECD}.Debug|Any CPU.Build.0 = Debug|Any CPU
		{23D07792-58CC-4B25-869E-BD7D85CAEECD}.Release|Any CPU.ActiveCfg = Release|Any CPU
		{23D07792-58CC-4B25-869E-BD7D85CAEECD}.Release|Any CPU.Build.0 = Release|Any CPU
		{0B39A5D9-F346-48B8-8EBF-B42A4F36802B}.Debug|Any CPU.ActiveCfg = Debug|Any CPU
		{0B39A5D9-F346-48B8-8EBF-B42A4F36802B}.Debug|Any CPU.Build.0 = Debug|Any CPU
		{0B39A5D9-F346-48B8-8EBF-B42A4F36802B}.Release|Any CPU.ActiveCfg = Release|Any CPU
		{0B39A5D9-F346-48B8-8EBF-B42A4F36802B}.Release|Any CPU.Build.0 = Release|Any CPU
		{AD8CE9B4-7824-451A-A125-5AF746FC7D62}.Debug|Any CPU.ActiveCfg = Debug|Any CPU
		{AD8CE9B4-7824-451A-A125-5AF746FC7D62}.Debug|Any CPU.Build.0 = Debug|Any CPU
		{AD8CE9B4-7824-451A-A125-5AF746FC7D62}.Release|Any CPU.ActiveCfg = Release|Any CPU
		{AD8CE9B4-7824-451A-A125-5AF746FC7D62}.Release|Any CPU.Build.0 = Release|Any CPU
		{91881DC2-73AF-4824-9956-C0F31BA2BF74}.Debug|Any CPU.ActiveCfg = Debug|Any CPU
		{91881DC2-73AF-4824-9956-C0F31BA2BF74}.Debug|Any CPU.Build.0 = Debug|Any CPU
		{91881DC2-73AF-4824-9956-C0F31BA2BF74}.Release|Any CPU.ActiveCfg = Release|Any CPU
		{91881DC2-73AF-4824-9956-C0F31BA2BF74}.Release|Any CPU.Build.0 = Release|Any CPU
		{94CFE129-22A9-4ACF-A573-FE92C0483D1A}.Debug|Any CPU.ActiveCfg = Debug|Any CPU
		{94CFE129-22A9-4ACF-A573-FE92C0483D1A}.Debug|Any CPU.Build.0 = Debug|Any CPU
		{94CFE129-22A9-4ACF-A573-FE92C0483D1A}.Release|Any CPU.ActiveCfg = Release|Any CPU
		{94CFE129-22A9-4ACF-A573-FE92C0483D1A}.Release|Any CPU.Build.0 = Release|Any CPU
		{B216B456-844A-4195-82C4-C505AE509B48}.Debug|Any CPU.ActiveCfg = Debug|Any CPU
		{B216B456-844A-4195-82C4-C505AE509B48}.Debug|Any CPU.Build.0 = Debug|Any CPU
		{B216B456-844A-4195-82C4-C505AE509B48}.Release|Any CPU.ActiveCfg = Release|Any CPU
		{B216B456-844A-4195-82C4-C505AE509B48}.Release|Any CPU.Build.0 = Release|Any CPU
		{5840FDB1-D6D2-46D9-997B-E89B2535DCC4}.Debug|Any CPU.ActiveCfg = Debug|Any CPU
		{5840FDB1-D6D2-46D9-997B-E89B2535DCC4}.Debug|Any CPU.Build.0 = Debug|Any CPU
		{5840FDB1-D6D2-46D9-997B-E89B2535DCC4}.Release|Any CPU.ActiveCfg = Release|Any CPU
		{5840FDB1-D6D2-46D9-997B-E89B2535DCC4}.Release|Any CPU.Build.0 = Release|Any CPU
		{3B0488B4-3D36-4E1E-8AE0-30CC61C4C130}.Debug|Any CPU.ActiveCfg = Debug|Any CPU
		{3B0488B4-3D36-4E1E-8AE0-30CC61C4C130}.Debug|Any CPU.Build.0 = Debug|Any CPU
		{3B0488B4-3D36-4E1E-8AE0-30CC61C4C130}.Release|Any CPU.ActiveCfg = Release|Any CPU
		{3B0488B4-3D36-4E1E-8AE0-30CC61C4C130}.Release|Any CPU.Build.0 = Release|Any CPU
	EndGlobalSection
	GlobalSection(NestedProjects) = preSolution
		{AD8CE9B4-7824-451A-A125-5AF746FC7D62} = {3AEE0B4D-0916-4440-BBBB-5AEC91B7432B}
		{0B39A5D9-F346-48B8-8EBF-B42A4F36802B} = {3AEE0B4D-0916-4440-BBBB-5AEC91B7432B}
		{23D07792-58CC-4B25-869E-BD7D85CAEECD} = {3AEE0B4D-0916-4440-BBBB-5AEC91B7432B}
		{1A6BEAC2-7716-4A67-A474-C59AFBC44342} = {64C5C116-AA25-408D-BAF3-A7A4CB7096D0}
		{D634EBEF-A437-49EB-A0C2-99E325D9D09C} = {56BF87A7-6B69-4BCA-BC4C-819DD993D5B3}
		{91881DC2-73AF-4824-9956-C0F31BA2BF74} = {56BF87A7-6B69-4BCA-BC4C-819DD993D5B3}
		{94CFE129-22A9-4ACF-A573-FE92C0483D1A} = {64C5C116-AA25-408D-BAF3-A7A4CB7096D0}
		{B216B456-844A-4195-82C4-C505AE509B48} = {64C5C116-AA25-408D-BAF3-A7A4CB7096D0}
		{5840FDB1-D6D2-46D9-997B-E89B2535DCC4} = {64C5C116-AA25-408D-BAF3-A7A4CB7096D0}
		{3B0488B4-3D36-4E1E-8AE0-30CC61C4C130} = {3AEE0B4D-0916-4440-BBBB-5AEC91B7432B}
	EndGlobalSection
EndGlobal
